
Microsoft Visual Studio Solution File, Format Version 12.00
# Visual Studio 15
VisualStudioVersion = 15.0.28307.271
MinimumVisualStudioVersion = 10.0.40219.1
Project("{FAE04EC0-301F-11D3-BF4B-00C04F79EFBC}") = "Tiger.ConfigurationServices.UI", "Tiger.ConfigurationServices.UI\Tiger.ConfigurationServices.UI.csproj", "{A5361266-55CA-42B5-A844-42AE18A87A2D}"
EndProject
Global
	GlobalSection(SolutionConfigurationPlatforms) = preSolution
		Debug|Any CPU = Debug|Any CPU
		Release|Any CPU = Release|Any CPU
	EndGlobalSection
	GlobalSection(ProjectConfigurationPlatforms) = postSolution
		{A5361266-55CA-42B5-A844-42AE18A87A2D}.Debug|Any CPU.ActiveCfg = Debug|Any CPU
		{A5361266-55CA-42B5-A844-42AE18A87A2D}.Debug|Any CPU.Build.0 = Debug|Any CPU
		{A5361266-55CA-42B5-A844-42AE18A87A2D}.Release|Any CPU.ActiveCfg = Release|Any CPU
		{A5361266-55CA-42B5-A844-42AE18A87A2D}.Release|Any CPU.Build.0 = Release|Any CPU
	EndGlobalSection
	GlobalSection(SolutionProperties) = preSolution
		HideSolutionNode = FALSE
	EndGlobalSection
	GlobalSection(ExtensibilityGlobals) = postSolution
		SolutionGuid = {14C37D07-7A39-4CAF-B979-9B3E5008BB47}
	EndGlobalSection
EndGlobal
